// !$*UTF8*$!
{
	archiveVersion = 1;
	classes = {
	};
	objectVersion = 46;
	objects = {

/* Begin PBXBuildFile section */
		00F3DB3E187C092500B76827 /* Foundation.framework in Frameworks */ = {isa = PBXBuildFile; fileRef = 00F3DB3D187C092500B76827 /* Foundation.framework */; };
		00F3DB40187C092500B76827 /* CoreGraphics.framework in Frameworks */ = {isa = PBXBuildFile; fileRef = 00F3DB3F187C092500B76827 /* CoreGraphics.framework */; };
		00F3DB42187C092500B76827 /* UIKit.framework in Frameworks */ = {isa = PBXBuildFile; fileRef = 00F3DB41187C092500B76827 /* UIKit.framework */; };
		00F3DB48187C092500B76827 /* InfoPlist.strings in Resources */ = {isa = PBXBuildFile; fileRef = 00F3DB46187C092500B76827 /* InfoPlist.strings */; };
		00F3DB4A187C092500B76827 /* main.m in Sources */ = {isa = PBXBuildFile; fileRef = 00F3DB49187C092500B76827 /* main.m */; };
		00F3DB4E187C092500B76827 /* AppDelegate.m in Sources */ = {isa = PBXBuildFile; fileRef = 00F3DB4D187C092500B76827 /* AppDelegate.m */; };
		00F3DB51187C092500B76827 /* Main.storyboard in Resources */ = {isa = PBXBuildFile; fileRef = 00F3DB4F187C092500B76827 /* Main.storyboard */; };
		00F3DB54187C092500B76827 /* ViewController.m in Sources */ = {isa = PBXBuildFile; fileRef = 00F3DB53187C092500B76827 /* ViewController.m */; };
		00F3DB56187C092500B76827 /* Images.xcassets in Resources */ = {isa = PBXBuildFile; fileRef = 00F3DB55187C092500B76827 /* Images.xcassets */; };
		00F3DB5D187C092500B76827 /* XCTest.framework in Frameworks */ = {isa = PBXBuildFile; fileRef = 00F3DB5C187C092500B76827 /* XCTest.framework */; };
		00F3DB5E187C092500B76827 /* Foundation.framework in Frameworks */ = {isa = PBXBuildFile; fileRef = 00F3DB3D187C092500B76827 /* Foundation.framework */; };
		00F3DB5F187C092500B76827 /* UIKit.framework in Frameworks */ = {isa = PBXBuildFile; fileRef = 00F3DB41187C092500B76827 /* UIKit.framework */; };
		00F3DB67187C092500B76827 /* InfoPlist.strings in Resources */ = {isa = PBXBuildFile; fileRef = 00F3DB65187C092500B76827 /* InfoPlist.strings */; };
		00F3DB69187C092500B76827 /* customCellTableViewTests.m in Sources */ = {isa = PBXBuildFile; fileRef = 00F3DB68187C092500B76827 /* customCellTableViewTests.m */; };
		00F3DB74187C09AA00B76827 /* Product.m in Sources */ = {isa = PBXBuildFile; fileRef = 00F3DB73187C09AA00B76827 /* Product.m */; };
		00F3DB7D187C0A9B00B76827 /* ProductCell.m in Sources */ = {isa = PBXBuildFile; fileRef = 00F3DB7C187C0A9B00B76827 /* ProductCell.m */; };
		00F3DB83187C0C4A00B76827 /* ball.png in Resources */ = {isa = PBXBuildFile; fileRef = 00F3DB7F187C0C4A00B76827 /* ball.png */; };
		00F3DB84187C0C4A00B76827 /* ball1.png in Resources */ = {isa = PBXBuildFile; fileRef = 00F3DB80187C0C4A00B76827 /* ball1.png */; };
		00F3DB85187C0C4A00B76827 /* ball2.png in Resources */ = {isa = PBXBuildFile; fileRef = 00F3DB81187C0C4A00B76827 /* ball2.png */; };
		00F3DB86187C0C4A00B76827 /* ball3.png in Resources */ = {isa = PBXBuildFile; fileRef = 00F3DB82187C0C4A00B76827 /* ball3.png */; };
/* End PBXBuildFile section */

/* Begin PBXContainerItemProxy section */
		00F3DB60187C092500B76827 /* PBXContainerItemProxy */ = {
			isa = PBXContainerItemProxy;
			containerPortal = 00F3DB32187C092500B76827 /* Project object */;
			proxyType = 1;
			remoteGlobalIDString = 00F3DB39187C092500B76827;
			remoteInfo = customCellTableView;
		};
/* End PBXContainerItemProxy section */

/* Begin PBXFileReference section */
		00F3DB3A187C092500B76827 /* customCellTableView.app */ = {isa = PBXFileReference; explicitFileType = wrapper.application; includeInIndex = 0; path = customCellTableView.app; sourceTree = BUILT_PRODUCTS_DIR; };
		00F3DB3D187C092500B76827 /* Foundation.framework */ = {isa = PBXFileReference; lastKnownFileType = wrapper.framework; name = Foundation.framework; path = System/Library/Frameworks/Foundation.framework; sourceTree = SDKROOT; };
		00F3DB3F187C092500B76827 /* CoreGraphics.framework */ = {isa = PBXFileReference; lastKnownFileType = wrapper.framework; name = CoreGraphics.framework; path = System/Library/Frameworks/CoreGraphics.framework; sourceTree = SDKROOT; };
		00F3DB41187C092500B76827 /* UIKit.framework */ = {isa = PBXFileReference; lastKnownFileType = wrapper.framework; name = UIKit.framework; path = System/Library/Frameworks/UIKit.framework; sourceTree = SDKROOT; };
		00F3DB45187C092500B76827 /* customCellTableView-Info.plist */ = {isa = PBXFileReference; lastKnownFileType = text.plist.xml; path = "customCellTableView-Info.plist"; sourceTree = "<group>"; };
		00F3DB47187C092500B76827 /* en */ = {isa = PBXFileReference; lastKnownFileType = text.plist.strings; name = en; path = en.lproj/InfoPlist.strings; sourceTree = "<group>"; };
		00F3DB49187C092500B76827 /* main.m */ = {isa = PBXFileReference; lastKnownFileType = sourcecode.c.objc; path = main.m; sourceTree = "<group>"; };
		00F3DB4B187C092500B76827 /* customCellTableView-Prefix.pch */ = {isa = PBXFileReference; lastKnownFileType = sourcecode.c.h; path = "customCellTableView-Prefix.pch"; sourceTree = "<group>"; };
		00F3DB4C187C092500B76827 /* AppDelegate.h */ = {isa = PBXFileReference; lastKnownFileType = sourcecode.c.h; path = AppDelegate.h; sourceTree = "<group>"; };
		00F3DB4D187C092500B76827 /* AppDelegate.m */ = {isa = PBXFileReference; lastKnownFileType = sourcecode.c.objc; path = AppDelegate.m; sourceTree = "<group>"; };
		00F3DB50187C092500B76827 /* Base */ = {isa = PBXFileReference; lastKnownFileType = file.storyboard; name = Base; path = Base.lproj/Main.storyboard; sourceTree = "<group>"; };
		00F3DB52187C092500B76827 /* ViewController.h */ = {isa = PBXFileReference; lastKnownFileType = sourcecode.c.h; path = ViewController.h; sourceTree = "<group>"; };
		00F3DB53187C092500B76827 /* ViewController.m */ = {isa = PBXFileReference; lastKnownFileType = sourcecode.c.objc; path = ViewController.m; sourceTree = "<group>"; };
		00F3DB55187C092500B76827 /* Images.xcassets */ = {isa = PBXFileReference; lastKnownFileType = folder.assetcatalog; path = Images.xcassets; sourceTree = "<group>"; };
		00F3DB5B187C092500B76827 /* customCellTableViewTests.xctest */ = {isa = PBXFileReference; explicitFileType = wrapper.cfbundle; includeInIndex = 0; path = customCellTableViewTests.xctest; sourceTree = BUILT_PRODUCTS_DIR; };
		00F3DB5C187C092500B76827 /* XCTest.framework */ = {isa = PBXFileReference; lastKnownFileType = wrapper.framework; name = XCTest.framework; path = Library/Frameworks/XCTest.framework; sourceTree = DEVELOPER_DIR; };
		00F3DB64187C092500B76827 /* customCellTableViewTests-Info.plist */ = {isa = PBXFileReference; lastKnownFileType = text.plist.xml; path = "customCellTableViewTests-Info.plist"; sourceTree = "<group>"; };
		00F3DB66187C092500B76827 /* en */ = {isa = PBXFileReference; lastKnownFileType = text.plist.strings; name = en; path = en.lproj/InfoPlist.strings; sourceTree = "<group>"; };
		00F3DB68187C092500B76827 /* customCellTableViewTests.m */ = {isa = PBXFileReference; lastKnownFileType = sourcecode.c.objc; path = customCellTableViewTests.m; sourceTree = "<group>"; };
		00F3DB72187C09AA00B76827 /* Product.h */ = {isa = PBXFileReference; fileEncoding = 4; lastKnownFileType = sourcecode.c.h; path = Product.h; sourceTree = "<group>"; };
		00F3DB73187C09AA00B76827 /* Product.m */ = {isa = PBXFileReference; fileEncoding = 4; lastKnownFileType = sourcecode.c.objc; path = Product.m; sourceTree = "<group>"; };
		00F3DB7B187C0A9B00B76827 /* ProductCell.h */ = {isa = PBXFileReference; fileEncoding = 4; lastKnownFileType = sourcecode.c.h; path = ProductCell.h; sourceTree = "<group>"; };
		00F3DB7C187C0A9B00B76827 /* ProductCell.m */ = {isa = PBXFileReference; fileEncoding = 4; lastKnownFileType = sourcecode.c.objc; path = ProductCell.m; sourceTree = "<group>"; };
		00F3DB7F187C0C4A00B76827 /* ball.png */ = {isa = PBXFileReference; lastKnownFileType = image.png; path = ball.png; sourceTree = "<group>"; };
		00F3DB80187C0C4A00B76827 /* ball1.png */ = {isa = PBXFileReference; lastKnownFileType = image.png; path = ball1.png; sourceTree = "<group>"; };
		00F3DB81187C0C4A00B76827 /* ball2.png */ = {isa = PBXFileReference; lastKnownFileType = image.png; path = ball2.png; sourceTree = "<group>"; };
		00F3DB82187C0C4A00B76827 /* ball3.png */ = {isa = PBXFileReference; lastKnownFileType = image.png; path = ball3.png; sourceTree = "<group>"; };
		00F3DB8A187C0F4B00B76827 /* CarDelegate.h */ = {isa = PBXFileReference; lastKnownFileType = sourcecode.c.h; path = CarDelegate.h; sourceTree = "<group>"; };
/* End PBXFileReference section */

/* Begin PBXFrameworksBuildPhase section */
		00F3DB37187C092500B76827 /* Frameworks */ = {
			isa = PBXFrameworksBuildPhase;
			buildActionMask = 2147483647;
			files = (
				00F3DB40187C092500B76827 /* CoreGraphics.framework in Frameworks */,
				00F3DB42187C092500B76827 /* UIKit.framework in Frameworks */,
				00F3DB3E187C092500B76827 /* Foundation.framework in Frameworks */,
			);
			runOnlyForDeploymentPostprocessing = 0;
		};
		00F3DB58187C092500B76827 /* Frameworks */ = {
			isa = PBXFrameworksBuildPhase;
			buildActionMask = 2147483647;
			files = (
				00F3DB5D187C092500B76827 /* XCTest.framework in Frameworks */,
				00F3DB5F187C092500B76827 /* UIKit.framework in Frameworks */,
				00F3DB5E187C092500B76827 /* Foundation.framework in Frameworks */,
			);
			runOnlyForDeploymentPostprocessing = 0;
		};
/* End PBXFrameworksBuildPhase section */

/* Begin PBXGroup section */
		00F3DB31187C092500B76827 = {
			isa = PBXGroup;
			children = (
				00F3DB43187C092500B76827 /* customCellTableView */,
				00F3DB62187C092500B76827 /* customCellTableViewTests */,
				00F3DB3C187C092500B76827 /* Frameworks */,
				00F3DB3B187C092500B76827 /* Products */,
			);
			sourceTree = "<group>";
		};
		00F3DB3B187C092500B76827 /* Products */ = {
			isa = PBXGroup;
			children = (
				00F3DB3A187C092500B76827 /* customCellTableView.app */,
				00F3DB5B187C092500B76827 /* customCellTableViewTests.xctest */,
			);
			name = Products;
			sourceTree = "<group>";
		};
		00F3DB3C187C092500B76827 /* Frameworks */ = {
			isa = PBXGroup;
			children = (
				00F3DB3D187C092500B76827 /* Foundation.framework */,
				00F3DB3F187C092500B76827 /* CoreGraphics.framework */,
				00F3DB41187C092500B76827 /* UIKit.framework */,
				00F3DB5C187C092500B76827 /* XCTest.framework */,
			);
			name = Frameworks;
			sourceTree = "<group>";
		};
		00F3DB43187C092500B76827 /* customCellTableView */ = {
			isa = PBXGroup;
			children = (
				00F3DB8A187C0F4B00B76827 /* CarDelegate.h */,
				00F3DB7E187C0C2E00B76827 /* Res */,
				00F3DB4C187C092500B76827 /* AppDelegate.h */,
				00F3DB4D187C092500B76827 /* AppDelegate.m */,
				00F3DB4F187C092500B76827 /* Main.storyboard */,
				00F3DB52187C092500B76827 /* ViewController.h */,
				00F3DB53187C092500B76827 /* ViewController.m */,
				00F3DB55187C092500B76827 /* Images.xcassets */,
				00F3DB44187C092500B76827 /* Supporting Files */,
				00F3DB72187C09AA00B76827 /* Product.h */,
				00F3DB73187C09AA00B76827 /* Product.m */,
				00F3DB7B187C0A9B00B76827 /* ProductCell.h */,
				00F3DB7C187C0A9B00B76827 /* ProductCell.m */,
			);
			path = customCellTableView;
			sourceTree = "<group>";
		};
		00F3DB44187C092500B76827 /* Supporting Files */ = {
			isa = PBXGroup;
			children = (
				00F3DB45187C092500B76827 /* customCellTableView-Info.plist */,
				00F3DB46187C092500B76827 /* InfoPlist.strings */,
				00F3DB49187C092500B76827 /* main.m */,
				00F3DB4B187C092500B76827 /* customCellTableView-Prefix.pch */,
			);
			name = "Supporting Files";
			sourceTree = "<group>";
		};
		00F3DB62187C092500B76827 /* customCellTableViewTests */ = {
			isa = PBXGroup;
			children = (
				00F3DB68187C092500B76827 /* customCellTableViewTests.m */,
				00F3DB63187C092500B76827 /* Supporting Files */,
			);
			path = customCellTableViewTests;
			sourceTree = "<group>";
		};
		00F3DB63187C092500B76827 /* Supporting Files */ = {
			isa = PBXGroup;
			children = (
				00F3DB64187C092500B76827 /* customCellTableViewTests-Info.plist */,
				00F3DB65187C092500B76827 /* InfoPlist.strings */,
			);
			name = "Supporting Files";
			sourceTree = "<group>";
		};
		00F3DB7E187C0C2E00B76827 /* Res */ = {
			isa = PBXGroup;
			children = (
				00F3DB7F187C0C4A00B76827 /* ball.png */,
				00F3DB80187C0C4A00B76827 /* ball1.png */,
				00F3DB81187C0C4A00B76827 /* ball2.png */,
				00F3DB82187C0C4A00B76827 /* ball3.png */,
			);
			name = Res;
			sourceTree = "<group>";
		};
/* End PBXGroup section */

/* Begin PBXNativeTarget section */
		00F3DB39187C092500B76827 /* customCellTableView */ = {
			isa = PBXNativeTarget;
			buildConfigurationList = 00F3DB6C187C092500B76827 /* Build configuration list for PBXNativeTarget "customCellTableView" */;
			buildPhases = (
				00F3DB36187C092500B76827 /* Sources */,
				00F3DB37187C092500B76827 /* Frameworks */,
				00F3DB38187C092500B76827 /* Resources */,
			);
			buildRules = (
			);
			dependencies = (
			);
			name = customCellTableView;
			productName = customCellTableView;
			productReference = 00F3DB3A187C092500B76827 /* customCellTableView.app */;
			productType = "com.apple.product-type.application";
		};
		00F3DB5A187C092500B76827 /* customCellTableViewTests */ = {
			isa = PBXNativeTarget;
			buildConfigurationList = 00F3DB6F187C092500B76827 /* Build configuration list for PBXNativeTarget "customCellTableViewTests" */;
			buildPhases = (
				00F3DB57187C092500B76827 /* Sources */,
				00F3DB58187C092500B76827 /* Frameworks */,
				00F3DB59187C092500B76827 /* Resources */,
			);
			buildRules = (
			);
			dependencies = (
				00F3DB61187C092500B76827 /* PBXTargetDependency */,
			);
			name = customCellTableViewTests;
			productName = customCellTableViewTests;
			productReference = 00F3DB5B187C092500B76827 /* customCellTableViewTests.xctest */;
			productType = "com.apple.product-type.bundle.unit-test";
		};
/* End PBXNativeTarget section */

/* Begin PBXProject section */
		00F3DB32187C092500B76827 /* Project object */ = {
			isa = PBXProject;
			attributes = {
				LastUpgradeCheck = 0500;
				ORGANIZATIONNAME = "SDT-1";
				TargetAttributes = {
					00F3DB5A187C092500B76827 = {
						TestTargetID = 00F3DB39187C092500B76827;
					};
				};
			};
			buildConfigurationList = 00F3DB35187C092500B76827 /* Build configuration list for PBXProject "customCellTableView" */;
			compatibilityVersion = "Xcode 3.2";
			developmentRegion = English;
			hasScannedForEncodings = 0;
			knownRegions = (
				en,
				Base,
			);
			mainGroup = 00F3DB31187C092500B76827;
			productRefGroup = 00F3DB3B187C092500B76827 /* Products */;
			projectDirPath = "";
			projectRoot = "";
			targets = (
				00F3DB39187C092500B76827 /* customCellTableView */,
				00F3DB5A187C092500B76827 /* customCellTableViewTests */,
			);
		};
/* End PBXProject section */

/* Begin PBXResourcesBuildPhase section */
		00F3DB38187C092500B76827 /* Resources */ = {
			isa = PBXResourcesBuildPhase;
			buildActionMask = 2147483647;
			files = (
				00F3DB56187C092500B76827 /* Images.xcassets in Resources */,
				00F3DB84187C0C4A00B76827 /* ball1.png in Resources */,
				00F3DB86187C0C4A00B76827 /* ball3.png in Resources */,
				00F3DB48187C092500B76827 /* InfoPlist.strings in Resources */,
				00F3DB85187C0C4A00B76827 /* ball2.png in Resources */,
				00F3DB83187C0C4A00B76827 /* ball.png in Resources */,
				00F3DB51187C092500B76827 /* Main.storyboard in Resources */,
			);
			runOnlyForDeploymentPostprocessing = 0;
		};
		00F3DB59187C092500B76827 /* Resources */ = {
			isa = PBXResourcesBuildPhase;
			buildActionMask = 2147483647;
			files = (
				00F3DB67187C092500B76827 /* InfoPlist.strings in Resources */,
			);
			runOnlyForDeploymentPostprocessing = 0;
		};
/* End PBXResourcesBuildPhase section */

/* Begin PBXSourcesBuildPhase section */
		00F3DB36187C092500B76827 /* Sources */ = {
			isa = PBXSourcesBuildPhase;
			buildActionMask = 2147483647;
			files = (
				00F3DB7D187C0A9B00B76827 /* ProductCell.m in Sources */,
				00F3DB54187C092500B76827 /* ViewController.m in Sources */,
				00F3DB74187C09AA00B76827 /* Product.m in Sources */,
				00F3DB4E187C092500B76827 /* AppDelegate.m in Sources */,
				00F3DB4A187C092500B76827 /* main.m in Sources */,
			);
			runOnlyForDeploymentPostprocessing = 0;
		};
		00F3DB57187C092500B76827 /* Sources */ = {
			isa = PBXSourcesBuildPhase;
			buildActionMask = 2147483647;
			files = (
				00F3DB69187C092500B76827 /* customCellTableViewTests.m in Sources */,
			);
			runOnlyForDeploymentPostprocessing = 0;
		};
/* End PBXSourcesBuildPhase section */

/* Begin PBXTargetDependency section */
		00F3DB61187C092500B76827 /* PBXTargetDependency */ = {
			isa = PBXTargetDependency;
			target = 00F3DB39187C092500B76827 /* customCellTableView */;
			targetProxy = 00F3DB60187C092500B76827 /* PBXContainerItemProxy */;
		};
/* End PBXTargetDependency section */

/* Begin PBXVariantGroup section */
		00F3DB46187C092500B76827 /* InfoPlist.strings */ = {
			isa = PBXVariantGroup;
			children = (
				00F3DB47187C092500B76827 /* en */,
			);
			name = InfoPlist.strings;
			sourceTree = "<group>";
		};
		00F3DB4F187C092500B76827 /* Main.storyboard */ = {
			isa = PBXVariantGroup;
			children = (
				00F3DB50187C092500B76827 /* Base */,
			);
			name = Main.storyboard;
			sourceTree = "<group>";
		};
		00F3DB65187C092500B76827 /* InfoPlist.strings */ = {
			isa = PBXVariantGroup;
			children = (
				00F3DB66187C092500B76827 /* en */,
			);
			name = InfoPlist.strings;
			sourceTree = "<group>";
		};
/* End PBXVariantGroup section */

/* Begin XCBuildConfiguration section */
		00F3DB6A187C092500B76827 /* Debug */ = {
			isa = XCBuildConfiguration;
			buildSettings = {
				ALWAYS_SEARCH_USER_PATHS = NO;
				ARCHS = "$(ARCHS_STANDARD_INCLUDING_64_BIT)";
				CLANG_CXX_LANGUAGE_STANDARD = "gnu++0x";
				CLANG_CXX_LIBRARY = "libc++";
				CLANG_ENABLE_MODULES = YES;
				CLANG_ENABLE_OBJC_ARC = YES;
				CLANG_WARN_BOOL_CONVERSION = YES;
				CLANG_WARN_CONSTANT_CONVERSION = YES;
				CLANG_WARN_DIRECT_OBJC_ISA_USAGE = YES_ERROR;
				CLANG_WARN_EMPTY_BODY = YES;
				CLANG_WARN_ENUM_CONVERSION = YES;
				CLANG_WARN_INT_CONVERSION = YES;
				CLANG_WARN_OBJC_ROOT_CLASS = YES_ERROR;
				CLANG_WARN__DUPLICATE_METHOD_MATCH = YES;
				"CODE_SIGN_IDENTITY[sdk=iphoneos*]" = "iPhone Developer";
				COPY_PHASE_STRIP = NO;
				GCC_C_LANGUAGE_STANDARD = gnu99;
				GCC_DYNAMIC_NO_PIC = NO;
				GCC_OPTIMIZATION_LEVEL = 0;
				GCC_PREPROCESSOR_DEFINITIONS = (
					"DEBUG=1",
					"$(inherited)",
				);
				GCC_SYMBOLS_PRIVATE_EXTERN = NO;
				GCC_WARN_64_TO_32_BIT_CONVERSION = YES;
				GCC_WARN_ABOUT_RETURN_TYPE = YES_ERROR;
				GCC_WARN_UNDECLARED_SELECTOR = YES;
				GCC_WARN_UNINITIALIZED_AUTOS = YES;
				GCC_WARN_UNUSED_FUNCTION = YES;
				GCC_WARN_UNUSED_VARIABLE = YES;
				IPHONEOS_DEPLOYMENT_TARGET = 7.0;
				ONLY_ACTIVE_ARCH = YES;
				SDKROOT = iphoneos;
			};
			name = Debug;
		};
		00F3DB6B187C092500B76827 /* Release */ = {
			isa = XCBuildConfiguration;
			buildSettings = {
				ALWAYS_SEARCH_USER_PATHS = NO;
				ARCHS = "$(ARCHS_STANDARD_INCLUDING_64_BIT)";
				CLANG_CXX_LANGUAGE_STANDARD = "gnu++0x";
				CLANG_CXX_LIBRARY = "libc++";
				CLANG_ENABLE_MODULES = YES;
				CLANG_ENABLE_OBJC_ARC = YES;
				CLANG_WARN_BOOL_CONVERSION = YES;
				CLANG_WARN_CONSTANT_CONVERSION = YES;
				CLANG_WARN_DIRECT_OBJC_ISA_USAGE = YES_ERROR;
				CLANG_WARN_EMPTY_BODY = YES;
				CLANG_WARN_ENUM_CONVERSION = YES;
				CLANG_WARN_INT_CONVERSION = YES;
				CLANG_WARN_OBJC_ROOT_CLASS = YES_ERROR;
				CLANG_WARN__DUPLICATE_METHOD_MATCH = YES;
				"CODE_SIGN_IDENTITY[sdk=iphoneos*]" = "iPhone Developer";
				COPY_PHASE_STRIP = YES;
				ENABLE_NS_ASSERTIONS = NO;
				GCC_C_LANGUAGE_STANDARD = gnu99;
				GCC_WARN_64_TO_32_BIT_CONVERSION = YES;
				GCC_WARN_ABOUT_RETURN_TYPE = YES_ERROR;
				GCC_WARN_UNDECLARED_SELECTOR = YES;
				GCC_WARN_UNINITIALIZED_AUTOS = YES;
				GCC_WARN_UNUSED_FUNCTION = YES;
				GCC_WARN_UNUSED_VARIABLE = YES;
				IPHONEOS_DEPLOYMENT_TARGET = 7.0;
				SDKROOT = iphoneos;
				VALIDATE_PRODUCT = YES;
			};
			name = Release;
		};
		00F3DB6D187C092500B76827 /* Debug */ = {
			isa = XCBuildConfiguration;
			buildSettings = {
				ASSETCATALOG_COMPILER_APPICON_NAME = AppIcon;
				ASSETCATALOG_COMPILER_LAUNCHIMAGE_NAME = LaunchImage;
				GCC_PRECOMPILE_PREFIX_HEADER = YES;
				GCC_PREFIX_HEADER = "customCellTableView/customCellTableView-Prefix.pch";
				INFOPLIST_FILE = "customCellTableView/customCellTableView-Info.plist";
				PRODUCT_NAME = "$(TARGET_NAME)";
				WRAPPER_EXTENSION = app;
			};
			name = Debug;
		};
		00F3DB6E187C092500B76827 /* Release */ = {
			isa = XCBuildConfiguration;
			buildSettings = {
				ASSETCATALOG_COMPILER_APPICON_NAME = AppIcon;
				ASSETCATALOG_COMPILER_LAUNCHIMAGE_NAME = LaunchImage;
				GCC_PRECOMPILE_PREFIX_HEADER = YES;
				GCC_PREFIX_HEADER = "customCellTableView/customCellTableView-Prefix.pch";
				INFOPLIST_FILE = "customCellTableView/customCellTableView-Info.plist";
				PRODUCT_NAME = "$(TARGET_NAME)";
				WRAPPER_EXTENSION = app;
			};
			name = Release;
		};
		00F3DB70187C092500B76827 /* Debug */ = {
			isa = XCBuildConfiguration;
			buildSettings = {
				ARCHS = "$(ARCHS_STANDARD_INCLUDING_64_BIT)";
				BUNDLE_LOADER = "$(BUILT_PRODUCTS_DIR)/customCellTableView.app/customCellTableView";
				FRAMEWORK_SEARCH_PATHS = (
					"$(SDKROOT)/Developer/Library/Frameworks",
					"$(inherited)",
					"$(DEVELOPER_FRAMEWORKS_DIR)",
				);
				GCC_PRECOMPILE_PREFIX_HEADER = YES;
				GCC_PREFIX_HEADER = "customCellTableView/customCellTableView-Prefix.pch";
				GCC_PREPROCESSOR_DEFINITIONS = (
					"DEBUG=1",
					"$(inherited)",
				);
				INFOPLIST_FILE = "customCellTableViewTests/customCellTableViewTests-Info.plist";
				PRODUCT_NAME = "$(TARGET_NAME)";
				TEST_HOST = "$(BUNDLE_LOADER)";
				WRAPPER_EXTENSION = xctest;
			};
			name = Debug;
		};
		00F3DB71187C092500B76827 /* Release */ = {
			isa = XCBuildConfiguration;
			buildSettings = {
				ARCHS = "$(ARCHS_STANDARD_INCLUDING_64_BIT)";
				BUNDLE_LOADER = "$(BUILT_PRODUCTS_DIR)/customCellTableView.app/customCellTableView";
				FRAMEWORK_SEARCH_PATHS = (
					"$(SDKROOT)/Developer/Library/Frameworks",
					"$(inherited)",
					"$(DEVELOPER_FRAMEWORKS_DIR)",
				);
				GCC_PRECOMPILE_PREFIX_HEADER = YES;
				GCC_PREFIX_HEADER = "customCellTableView/customCellTableView-Prefix.pch";
				INFOPLIST_FILE = "customCellTableViewTests/customCellTableViewTests-Info.plist";
				PRODUCT_NAME = "$(TARGET_NAME)";
				TEST_HOST = "$(BUNDLE_LOADER)";
				WRAPPER_EXTENSION = xctest;
			};
			name = Release;
		};
/* End XCBuildConfiguration section */

/* Begin XCConfigurationList section */
		00F3DB35187C092500B76827 /* Build configuration list for PBXProject "customCellTableView" */ = {
			isa = XCConfigurationList;
			buildConfigurations = (
				00F3DB6A187C092500B76827 /* Debug */,
				00F3DB6B187C092500B76827 /* Release */,
			);
			defaultConfigurationIsVisible = 0;
			defaultConfigurationName = Release;
		};
		00F3DB6C187C092500B76827 /* Build configuration list for PBXNativeTarget "customCellTableView" */ = {
			isa = XCConfigurationList;
			buildConfigurations = (
				00F3DB6D187C092500B76827 /* Debug */,
				00F3DB6E187C092500B76827 /* Release */,
			);
			defaultConfigurationIsVisible = 0;
		};
		00F3DB6F187C092500B76827 /* Build configuration list for PBXNativeTarget "customCellTableViewTests" */ = {
			isa = XCConfigurationList;
			buildConfigurations = (
				00F3DB70187C092500B76827 /* Debug */,
				00F3DB71187C092500B76827 /* Release */,
			);
			defaultConfigurationIsVisible = 0;
		};
/* End XCConfigurationList section */
	};
	rootObject = 00F3DB32187C092500B76827 /* Project object */;
}
